
Microsoft Visual Studio Solution File, Format Version 12.00
# Visual Studio 15
VisualStudioVersion = 15.0.27428.2027
MinimumVisualStudioVersion = 10.0.40219.1
Project("{E24C65DC-7377-472B-9ABA-BC803B73C61A}") = "CalculadoraImcOnline", "CalculadoraImcOnline\", "{87D8EAE5-F3FA-4CDD-816B-DF7C648C98EE}"
	ProjectSection(WebsiteProperties) = preProject
		TargetFrameworkMoniker = ".NETFramework,Version%3Dv4.6.1"
		Debug.AspNetCompiler.VirtualPath = "/localhost_51758"
		Debug.AspNetCompiler.PhysicalPath = "CalculadoraImcOnline\"
		Debug.AspNetCompiler.TargetPath = "PrecompiledWeb\localhost_51758\"
		Debug.AspNetCompiler.Updateable = "true"
		Debug.AspNetCompiler.ForceOverwrite = "true"
		Debug.AspNetCompiler.FixedNames = "false"
		Debug.AspNetCompiler.Debug = "True"
		Release.AspNetCompiler.VirtualPath = "/localhost_51758"
		Release.AspNetCompiler.PhysicalPath = "CalculadoraImcOnline\"
		Release.AspNetCompiler.TargetPath = "PrecompiledWeb\localhost_51758\"
		Release.AspNetCompiler.Updateable = "true"
		Release.AspNetCompiler.ForceOverwrite = "true"
		Release.AspNetCompiler.FixedNames = "false"
		Release.AspNetCompiler.Debug = "False"
		VWDPort = "51758"
		SlnRelativePath = "CalculadoraImcOnline\"
		DefaultWebSiteLanguage = "Visual C#"
	EndProjectSection
EndProject
Global
	GlobalSection(SolutionConfigurationPlatforms) = preSolution
		Debug|Any CPU = Debug|Any CPU
	EndGlobalSection
	GlobalSection(ProjectConfigurationPlatforms) = postSolution
		{87D8EAE5-F3FA-4CDD-816B-DF7C648C98EE}.Debug|Any CPU.ActiveCfg = Debug|Any CPU
		{87D8EAE5-F3FA-4CDD-816B-DF7C648C98EE}.Debug|Any CPU.Build.0 = Debug|Any CPU
	EndGlobalSection
	GlobalSection(SolutionProperties) = preSolution
		HideSolutionNode = FALSE
	EndGlobalSection
	GlobalSection(ExtensibilityGlobals) = postSolution
		SolutionGuid = {350B8EFC-3828-4874-9747-0C7AFB00354B}
	EndGlobalSection
EndGlobal
